
Microsoft Visual Studio Solution File, Format Version 12.00
# Visual Studio Version 17
VisualStudioVersion = 17.7.34031.279
MinimumVisualStudioVersion = 10.0.40219.1
Project("{FAE04EC0-301F-11D3-BF4B-00C04F79EFBC}") = "AcroAnnoBench", "AcroAnnoBench\AcroAnnoBench.csproj", "{56214C5F-C357-4650-AC57-49437BF4D3D5}"
EndProject
Global
	GlobalSection(SolutionConfigurationPlatforms) = preSolution
		Debug|Any CPU = Debug|Any CPU
		Release|Any CPU = Release|Any CPU
	EndGlobalSection
	GlobalSection(ProjectConfigurationPlatforms) = postSolution
		{56214C5F-C357-4650-AC57-49437BF4D3D5}.Debug|Any CPU.ActiveCfg = Debug|Any CPU
		{56214C5F-C357-4650-AC57-49437BF4D3D5}.Debug|Any CPU.Build.0 = Debug|Any CPU
		{56214C5F-C357-4650-AC57-49437BF4D3D5}.Release|Any CPU.ActiveCfg = Release|Any CPU
		{56214C5F-C357-4650-AC57-49437BF4D3D5}.Release|Any CPU.Build.0 = Release|Any CPU
	EndGlobalSection
	GlobalSection(SolutionProperties) = preSolution
		HideSolutionNode = FALSE
	EndGlobalSection
	GlobalSection(ExtensibilityGlobals) = postSolution
		SolutionGuid = {34309FFF-3CE9-4670-9999-5F2EE4B60327}
	EndGlobalSection
EndGlobal
